
Microsoft Visual Studio Solution File, Format Version 12.00
# Visual Studio Version 16
VisualStudioVersion = 16.0.31605.320
MinimumVisualStudioVersion = 10.0.40219.1
Project("{9A19103F-16F7-4668-BE54-9A1E7A4F7556}") = "FileManager.ConsoleUI", "FileManager.ConsoleUI\FileManager.ConsoleUI.csproj", "{850423D0-6B95-4B99-A492-4247FB81CFF7}"
EndProject
Project("{9A19103F-16F7-4668-BE54-9A1E7A4F7556}") = "FileManager.SystemInformation", "FileManager.SystemInformation\FileManager.SystemInformation.csproj", "{15B003DF-8039-4D6C-8CA0-20958692220E}"
EndProject
Project("{FAE04EC0-301F-11D3-BF4B-00C04F79EFBC}") = "FileManager.Core", "FileManager.Core\FileManager.Core.csproj", "{2857D2AF-7ADA-4BA2-BF61-52AF46C8154D}"
EndProject
Global
	GlobalSection(SolutionConfigurationPlatforms) = preSolution
		Debug|Any CPU = Debug|Any CPU
		Release|Any CPU = Release|Any CPU
	EndGlobalSection
	GlobalSection(ProjectConfigurationPlatforms) = postSolution
		{850423D0-6B95-4B99-A492-4247FB81CFF7}.Debug|Any CPU.ActiveCfg = Debug|Any CPU
		{850423D0-6B95-4B99-A492-4247FB81CFF7}.Debug|Any CPU.Build.0 = Debug|Any CPU
		{850423D0-6B95-4B99-A492-4247FB81CFF7}.Release|Any CPU.ActiveCfg = Release|Any CPU
		{850423D0-6B95-4B99-A492-4247FB81CFF7}.Release|Any CPU.Build.0 = Release|Any CPU
		{15B003DF-8039-4D6C-8CA0-20958692220E}.Debug|Any CPU.ActiveCfg = Debug|Any CPU
		{15B003DF-8039-4D6C-8CA0-20958692220E}.Debug|Any CPU.Build.0 = Debug|Any CPU
		{15B003DF-8039-4D6C-8CA0-20958692220E}.Release|Any CPU.ActiveCfg = Release|Any CPU
		{15B003DF-8039-4D6C-8CA0-20958692220E}.Release|Any CPU.Build.0 = Release|Any CPU
		{2857D2AF-7ADA-4BA2-BF61-52AF46C8154D}.Debug|Any CPU.ActiveCfg = Debug|Any CPU
		{2857D2AF-7ADA-4BA2-BF61-52AF46C8154D}.Debug|Any CPU.Build.0 = Debug|Any CPU
		{2857D2AF-7ADA-4BA2-BF61-52AF46C8154D}.Release|Any CPU.ActiveCfg = Release|Any CPU
		{2857D2AF-7ADA-4BA2-BF61-52AF46C8154D}.Release|Any CPU.Build.0 = Release|Any CPU
	EndGlobalSection
	GlobalSection(SolutionProperties) = preSolution
		HideSolutionNode = FALSE
	EndGlobalSection
	GlobalSection(ExtensibilityGlobals) = postSolution
		SolutionGuid = {BED2612E-62C7-498B-8248-37B4EAB34CCD}
	EndGlobalSection
EndGlobal
